{
  "name": "bilgeadam",
  "version": "1.0.0",
  "lockfileVersion": 1,
  "requires": true,
  "dependencies": {
    "slugify": {
      "version": "1.4.0",
      "resolved": "https://registry.npmjs.org/slugify/-/slugify-1.4.0.tgz",
      "integrity": "sha512-FtLNsMGBSRB/0JOE2A0fxlqjI6fJsgHGS13iTuVT28kViI4JjUiNqp/vyis0ZXYcMnpR3fzGNkv+6vRlI2GwdQ=="
    }
  }
}
